// !$*UTF8*$!
{
	archiveVersion = 1;
	classes = {
	};
	objectVersion = 46;
	objects = {

/* Begin PBXBuildFile section */
		EF1981B31AA4B40700879EFB /* FrankieBaseMapViewController.m in Sources */ = {isa = PBXBuildFile; fileRef = EF1981B21AA4B40700879EFB /* FrankieBaseMapViewController.m */; };
		EF1A77ED1AA75F4E004613E1 /* FrankieMapHelper.m in Sources */ = {isa = PBXBuildFile; fileRef = EF1A77EC1AA75F4E004613E1 /* FrankieMapHelper.m */; };
		EF5AFA191AA8B0BE00DE14D6 /* FrankieMapManager.m in Sources */ = {isa = PBXBuildFile; fileRef = EF5AFA181AA8B0BE00DE14D6 /* FrankieMapManager.m */; };
		EF8FF8E51AA1A2FA00A1204F /* AMap.bundle in Resources */ = {isa = PBXBuildFile; fileRef = EF8FF8E41AA1A2FA00A1204F /* AMap.bundle */; };
		EF8FF8E91AA1A45600A1204F /* MAMapKit.framework in Frameworks */ = {isa = PBXBuildFile; fileRef = EF8FF8E81AA1A45600A1204F /* MAMapKit.framework */; };
		EF8FF8EB1AA1A49B00A1204F /* AMapSearchKit.framework in Frameworks */ = {isa = PBXBuildFile; fileRef = EF8FF8EA1AA1A49B00A1204F /* AMapSearchKit.framework */; };
		EFF50AF11AA0037800E3F484 /* main.m in Sources */ = {isa = PBXBuildFile; fileRef = EFF50AF01AA0037800E3F484 /* main.m */; };
		EFF50AF41AA0037800E3F484 /* AppDelegate.m in Sources */ = {isa = PBXBuildFile; fileRef = EFF50AF31AA0037800E3F484 /* AppDelegate.m */; };
		EFF50AF71AA0037800E3F484 /* ViewController.m in Sources */ = {isa = PBXBuildFile; fileRef = EFF50AF61AA0037800E3F484 /* ViewController.m */; };
		EFF50AFA1AA0037800E3F484 /* Main.storyboard in Resources */ = {isa = PBXBuildFile; fileRef = EFF50AF81AA0037800E3F484 /* Main.storyboard */; };
		EFF50AFC1AA0037800E3F484 /* Images.xcassets in Resources */ = {isa = PBXBuildFile; fileRef = EFF50AFB1AA0037800E3F484 /* Images.xcassets */; };
		EFF50AFF1AA0037800E3F484 /* LaunchScreen.xib in Resources */ = {isa = PBXBuildFile; fileRef = EFF50AFD1AA0037800E3F484 /* LaunchScreen.xib */; };
		EFF50B0B1AA0037800E3F484 /* FrankieAmapTests.m in Sources */ = {isa = PBXBuildFile; fileRef = EFF50B0A1AA0037800E3F484 /* FrankieAmapTests.m */; };
		EFF50B191AA024ED00E3F484 /* Security.framework in Frameworks */ = {isa = PBXBuildFile; fileRef = EFF50B181AA024ED00E3F484 /* Security.framework */; };
		EFF50B1B1AA0255100E3F484 /* QuartzCore.framework in Frameworks */ = {isa = PBXBuildFile; fileRef = EFF50B1A1AA0255100E3F484 /* QuartzCore.framework */; };
		EFF50B1D1AA0256100E3F484 /* OpenGLES.framework in Frameworks */ = {isa = PBXBuildFile; fileRef = EFF50B1C1AA0256100E3F484 /* OpenGLES.framework */; };
		EFF50B1F1AA0257B00E3F484 /* CoreLocation.framework in Frameworks */ = {isa = PBXBuildFile; fileRef = EFF50B1E1AA0257B00E3F484 /* CoreLocation.framework */; };
		EFF50B211AA0258600E3F484 /* CoreTelephony.framework in Frameworks */ = {isa = PBXBuildFile; fileRef = EFF50B201AA0258600E3F484 /* CoreTelephony.framework */; };
		EFF50B231AA025A500E3F484 /* SystemConfiguration.framework in Frameworks */ = {isa = PBXBuildFile; fileRef = EFF50B221AA025A500E3F484 /* SystemConfiguration.framework */; };
		EFF50B271AA03AF600E3F484 /* libstdc++.6.0.9.dylib in Frameworks */ = {isa = PBXBuildFile; fileRef = EFF50B261AA03AF600E3F484 /* libstdc++.6.0.9.dylib */; };
		EFF50B291AA03BCE00E3F484 /* libz.dylib in Frameworks */ = {isa = PBXBuildFile; fileRef = EFF50B281AA03BCE00E3F484 /* libz.dylib */; };
		EFF68D791AA34D3C003B2991 /* FrankieLocationViewController.m in Sources */ = {isa = PBXBuildFile; fileRef = EFF68D781AA34D3C003B2991 /* FrankieLocationViewController.m */; };
/* End PBXBuildFile section */

/* Begin PBXContainerItemProxy section */
		EFF50B051AA0037800E3F484 /* PBXContainerItemProxy */ = {
			isa = PBXContainerItemProxy;
			containerPortal = EFF50AE31AA0037800E3F484 /* Project object */;
			proxyType = 1;
			remoteGlobalIDString = EFF50AEA1AA0037800E3F484;
			remoteInfo = FrankieAmap;
		};
/* End PBXContainerItemProxy section */

/* Begin PBXFileReference section */
		EF1981B11AA4B40700879EFB /* FrankieBaseMapViewController.h */ = {isa = PBXFileReference; fileEncoding = 4; lastKnownFileType = sourcecode.c.h; path = FrankieBaseMapViewController.h; sourceTree = "<group>"; };
		EF1981B21AA4B40700879EFB /* FrankieBaseMapViewController.m */ = {isa = PBXFileReference; fileEncoding = 4; lastKnownFileType = sourcecode.c.objc; path = FrankieBaseMapViewController.m; sourceTree = "<group>"; };
		EF1A77EB1AA75F4E004613E1 /* FrankieMapHelper.h */ = {isa = PBXFileReference; fileEncoding = 4; lastKnownFileType = sourcecode.c.h; path = FrankieMapHelper.h; sourceTree = "<group>"; };
		EF1A77EC1AA75F4E004613E1 /* FrankieMapHelper.m */ = {isa = PBXFileReference; fileEncoding = 4; lastKnownFileType = sourcecode.c.objc; path = FrankieMapHelper.m; sourceTree = "<group>"; };
		EF2200E91AA60779007275F9 /* FrankieAMapAPIKey.h */ = {isa = PBXFileReference; fileEncoding = 4; lastKnownFileType = sourcecode.c.h; path = FrankieAMapAPIKey.h; sourceTree = "<group>"; };
		EF5AFA171AA8B0BE00DE14D6 /* FrankieMapManager.h */ = {isa = PBXFileReference; fileEncoding = 4; lastKnownFileType = sourcecode.c.h; path = FrankieMapManager.h; sourceTree = "<group>"; };
		EF5AFA181AA8B0BE00DE14D6 /* FrankieMapManager.m */ = {isa = PBXFileReference; fileEncoding = 4; lastKnownFileType = sourcecode.c.objc; path = FrankieMapManager.m; sourceTree = "<group>"; };
		EF8FF8E41AA1A2FA00A1204F /* AMap.bundle */ = {isa = PBXFileReference; lastKnownFileType = "wrapper.plug-in"; path = AMap.bundle; sourceTree = "<group>"; };
		EF8FF8E81AA1A45600A1204F /* MAMapKit.framework */ = {isa = PBXFileReference; lastKnownFileType = wrapper.framework; path = MAMapKit.framework; sourceTree = "<group>"; };
		EF8FF8EA1AA1A49B00A1204F /* AMapSearchKit.framework */ = {isa = PBXFileReference; lastKnownFileType = wrapper.framework; path = AMapSearchKit.framework; sourceTree = "<group>"; };
		EFF50AEB1AA0037800E3F484 /* FrankieAmap.app */ = {isa = PBXFileReference; explicitFileType = wrapper.application; includeInIndex = 0; path = FrankieAmap.app; sourceTree = BUILT_PRODUCTS_DIR; };
		EFF50AEF1AA0037800E3F484 /* Info.plist */ = {isa = PBXFileReference; lastKnownFileType = text.plist.xml; path = Info.plist; sourceTree = "<group>"; };
		EFF50AF01AA0037800E3F484 /* main.m */ = {isa = PBXFileReference; lastKnownFileType = sourcecode.c.objc; path = main.m; sourceTree = "<group>"; };
		EFF50AF21AA0037800E3F484 /* AppDelegate.h */ = {isa = PBXFileReference; lastKnownFileType = sourcecode.c.h; path = AppDelegate.h; sourceTree = "<group>"; };
		EFF50AF31AA0037800E3F484 /* AppDelegate.m */ = {isa = PBXFileReference; lastKnownFileType = sourcecode.c.objc; path = AppDelegate.m; sourceTree = "<group>"; };
		EFF50AF51AA0037800E3F484 /* ViewController.h */ = {isa = PBXFileReference; lastKnownFileType = sourcecode.c.h; path = ViewController.h; sourceTree = "<group>"; };
		EFF50AF61AA0037800E3F484 /* ViewController.m */ = {isa = PBXFileReference; lastKnownFileType = sourcecode.c.objc; path = ViewController.m; sourceTree = "<group>"; };
		EFF50AF91AA0037800E3F484 /* Base */ = {isa = PBXFileReference; lastKnownFileType = file.storyboard; name = Base; path = Base.lproj/Main.storyboard; sourceTree = "<group>"; };
		EFF50AFB1AA0037800E3F484 /* Images.xcassets */ = {isa = PBXFileReference; lastKnownFileType = folder.assetcatalog; path = Images.xcassets; sourceTree = "<group>"; };
		EFF50AFE1AA0037800E3F484 /* Base */ = {isa = PBXFileReference; lastKnownFileType = file.xib; name = Base; path = Base.lproj/LaunchScreen.xib; sourceTree = "<group>"; };
		EFF50B041AA0037800E3F484 /* FrankieAmapTests.xctest */ = {isa = PBXFileReference; explicitFileType = wrapper.cfbundle; includeInIndex = 0; path = FrankieAmapTests.xctest; sourceTree = BUILT_PRODUCTS_DIR; };
		EFF50B091AA0037800E3F484 /* Info.plist */ = {isa = PBXFileReference; lastKnownFileType = text.plist.xml; path = Info.plist; sourceTree = "<group>"; };
		EFF50B0A1AA0037800E3F484 /* FrankieAmapTests.m */ = {isa = PBXFileReference; lastKnownFileType = sourcecode.c.objc; path = FrankieAmapTests.m; sourceTree = "<group>"; };
		EFF50B181AA024ED00E3F484 /* Security.framework */ = {isa = PBXFileReference; lastKnownFileType = wrapper.framework; name = Security.framework; path = System/Library/Frameworks/Security.framework; sourceTree = SDKROOT; };
		EFF50B1A1AA0255100E3F484 /* QuartzCore.framework */ = {isa = PBXFileReference; lastKnownFileType = wrapper.framework; name = QuartzCore.framework; path = System/Library/Frameworks/QuartzCore.framework; sourceTree = SDKROOT; };
		EFF50B1C1AA0256100E3F484 /* OpenGLES.framework */ = {isa = PBXFileReference; lastKnownFileType = wrapper.framework; name = OpenGLES.framework; path = System/Library/Frameworks/OpenGLES.framework; sourceTree = SDKROOT; };
		EFF50B1E1AA0257B00E3F484 /* CoreLocation.framework */ = {isa = PBXFileReference; lastKnownFileType = wrapper.framework; name = CoreLocation.framework; path = System/Library/Frameworks/CoreLocation.framework; sourceTree = SDKROOT; };
		EFF50B201AA0258600E3F484 /* CoreTelephony.framework */ = {isa = PBXFileReference; lastKnownFileType = wrapper.framework; name = CoreTelephony.framework; path = System/Library/Frameworks/CoreTelephony.framework; sourceTree = SDKROOT; };
		EFF50B221AA025A500E3F484 /* SystemConfiguration.framework */ = {isa = PBXFileReference; lastKnownFileType = wrapper.framework; name = SystemConfiguration.framework; path = System/Library/Frameworks/SystemConfiguration.framework; sourceTree = SDKROOT; };
		EFF50B261AA03AF600E3F484 /* libstdc++.6.0.9.dylib */ = {isa = PBXFileReference; lastKnownFileType = "compiled.mach-o.dylib"; name = "libstdc++.6.0.9.dylib"; path = "usr/lib/libstdc++.6.0.9.dylib"; sourceTree = SDKROOT; };
		EFF50B281AA03BCE00E3F484 /* libz.dylib */ = {isa = PBXFileReference; lastKnownFileType = "compiled.mach-o.dylib"; name = libz.dylib; path = usr/lib/libz.dylib; sourceTree = SDKROOT; };
		EFF68D771AA34D3C003B2991 /* FrankieLocationViewController.h */ = {isa = PBXFileReference; fileEncoding = 4; lastKnownFileType = sourcecode.c.h; path = FrankieLocationViewController.h; sourceTree = "<group>"; };
		EFF68D781AA34D3C003B2991 /* FrankieLocationViewController.m */ = {isa = PBXFileReference; fileEncoding = 4; lastKnownFileType = sourcecode.c.objc; path = FrankieLocationViewController.m; sourceTree = "<group>"; };
/* End PBXFileReference section */

/* Begin PBXFrameworksBuildPhase section */
		EFF50AE81AA0037800E3F484 /* Frameworks */ = {
			isa = PBXFrameworksBuildPhase;
			buildActionMask = 2147483647;
			files = (
				EF8FF8EB1AA1A49B00A1204F /* AMapSearchKit.framework in Frameworks */,
				EF8FF8E91AA1A45600A1204F /* MAMapKit.framework in Frameworks */,
				EFF50B291AA03BCE00E3F484 /* libz.dylib in Frameworks */,
				EFF50B271AA03AF600E3F484 /* libstdc++.6.0.9.dylib in Frameworks */,
				EFF50B231AA025A500E3F484 /* SystemConfiguration.framework in Frameworks */,
				EFF50B211AA0258600E3F484 /* CoreTelephony.framework in Frameworks */,
				EFF50B1F1AA0257B00E3F484 /* CoreLocation.framework in Frameworks */,
				EFF50B1D1AA0256100E3F484 /* OpenGLES.framework in Frameworks */,
				EFF50B1B1AA0255100E3F484 /* QuartzCore.framework in Frameworks */,
				EFF50B191AA024ED00E3F484 /* Security.framework in Frameworks */,
			);
			runOnlyForDeploymentPostprocessing = 0;
		};
		EFF50B011AA0037800E3F484 /* Frameworks */ = {
			isa = PBXFrameworksBuildPhase;
			buildActionMask = 2147483647;
			files = (
			);
			runOnlyForDeploymentPostprocessing = 0;
		};
/* End PBXFrameworksBuildPhase section */

/* Begin PBXGroup section */
		EF1A77EA1AA75F0F004613E1 /* MapCommon */ = {
			isa = PBXGroup;
			children = (
				EF1A77EB1AA75F4E004613E1 /* FrankieMapHelper.h */,
				EF1A77EC1AA75F4E004613E1 /* FrankieMapHelper.m */,
				EF5AFA171AA8B0BE00DE14D6 /* FrankieMapManager.h */,
				EF5AFA181AA8B0BE00DE14D6 /* FrankieMapManager.m */,
			);
			name = MapCommon;
			sourceTree = "<group>";
		};
		EF2200E81AA60724007275F9 /* Configuration */ = {
			isa = PBXGroup;
			children = (
				EF2200E91AA60779007275F9 /* FrankieAMapAPIKey.h */,
			);
			path = Configuration;
			sourceTree = "<group>";
		};
		EFF50AE21AA0037800E3F484 = {
			isa = PBXGroup;
			children = (
				EF8FF8E41AA1A2FA00A1204F /* AMap.bundle */,
				EFF50B281AA03BCE00E3F484 /* libz.dylib */,
				EFF50B261AA03AF600E3F484 /* libstdc++.6.0.9.dylib */,
				EF8FF8EA1AA1A49B00A1204F /* AMapSearchKit.framework */,
				EF8FF8E81AA1A45600A1204F /* MAMapKit.framework */,
				EFF50B221AA025A500E3F484 /* SystemConfiguration.framework */,
				EFF50B201AA0258600E3F484 /* CoreTelephony.framework */,
				EFF50B1E1AA0257B00E3F484 /* CoreLocation.framework */,
				EFF50B1C1AA0256100E3F484 /* OpenGLES.framework */,
				EFF50B1A1AA0255100E3F484 /* QuartzCore.framework */,
				EFF50B181AA024ED00E3F484 /* Security.framework */,
				EFF50AED1AA0037800E3F484 /* FrankieAmap */,
				EFF50B071AA0037800E3F484 /* FrankieAmapTests */,
				EFF50AEC1AA0037800E3F484 /* Products */,
			);
			sourceTree = "<group>";
		};
		EFF50AEC1AA0037800E3F484 /* Products */ = {
			isa = PBXGroup;
			children = (
				EFF50AEB1AA0037800E3F484 /* FrankieAmap.app */,
				EFF50B041AA0037800E3F484 /* FrankieAmapTests.xctest */,
			);
			name = Products;
			sourceTree = "<group>";
		};
		EFF50AED1AA0037800E3F484 /* FrankieAmap */ = {
			isa = PBXGroup;
			children = (
				EFF50B2A1AA03E0C00E3F484 /* Resources */,
				EFF50B141AA01FA000E3F484 /* Classes */,
				EFF50AF21AA0037800E3F484 /* AppDelegate.h */,
				EFF50AF31AA0037800E3F484 /* AppDelegate.m */,
				EFF50AF51AA0037800E3F484 /* ViewController.h */,
				EFF50AF61AA0037800E3F484 /* ViewController.m */,
				EFF50AF81AA0037800E3F484 /* Main.storyboard */,
				EFF50AFB1AA0037800E3F484 /* Images.xcassets */,
				EFF50AFD1AA0037800E3F484 /* LaunchScreen.xib */,
				EFF50AEE1AA0037800E3F484 /* Supporting Files */,
			);
			path = FrankieAmap;
			sourceTree = "<group>";
		};
		EFF50AEE1AA0037800E3F484 /* Supporting Files */ = {
			isa = PBXGroup;
			children = (
				EFF50AEF1AA0037800E3F484 /* Info.plist */,
				EFF50AF01AA0037800E3F484 /* main.m */,
			);
			name = "Supporting Files";
			sourceTree = "<group>";
		};
		EFF50B071AA0037800E3F484 /* FrankieAmapTests */ = {
			isa = PBXGroup;
			children = (
				EFF50B0A1AA0037800E3F484 /* FrankieAmapTests.m */,
				EFF50B081AA0037800E3F484 /* Supporting Files */,
			);
			path = FrankieAmapTests;
			sourceTree = "<group>";
		};
		EFF50B081AA0037800E3F484 /* Supporting Files */ = {
			isa = PBXGroup;
			children = (
				EFF50B091AA0037800E3F484 /* Info.plist */,
			);
			name = "Supporting Files";
			sourceTree = "<group>";
		};
		EFF50B141AA01FA000E3F484 /* Classes */ = {
			isa = PBXGroup;
			children = (
				EF1A77EA1AA75F0F004613E1 /* MapCommon */,
				EF2200E81AA60724007275F9 /* Configuration */,
				EFF68D771AA34D3C003B2991 /* FrankieLocationViewController.h */,
				EFF68D781AA34D3C003B2991 /* FrankieLocationViewController.m */,
				EF1981B11AA4B40700879EFB /* FrankieBaseMapViewController.h */,
				EF1981B21AA4B40700879EFB /* FrankieBaseMapViewController.m */,
			);
			path = Classes;
			sourceTree = "<group>";
		};
		EFF50B2A1AA03E0C00E3F484 /* Resources */ = {
			isa = PBXGroup;
			children = (
			);
			path = Resources;
			sourceTree = "<group>";
		};
/* End PBXGroup section */

/* Begin PBXNativeTarget section */
		EFF50AEA1AA0037800E3F484 /* FrankieAmap */ = {
			isa = PBXNativeTarget;
			buildConfigurationList = EFF50B0E1AA0037800E3F484 /* Build configuration list for PBXNativeTarget "FrankieAmap" */;
			buildPhases = (
				EFF50AE71AA0037800E3F484 /* Sources */,
				EFF50AE81AA0037800E3F484 /* Frameworks */,
				EFF50AE91AA0037800E3F484 /* Resources */,
			);
			buildRules = (
			);
			dependencies = (
			);
			name = FrankieAmap;
			productName = FrankieAmap;
			productReference = EFF50AEB1AA0037800E3F484 /* FrankieAmap.app */;
			productType = "com.apple.product-type.application";
		};
		EFF50B031AA0037800E3F484 /* FrankieAmapTests */ = {
			isa = PBXNativeTarget;
			buildConfigurationList = EFF50B111AA0037800E3F484 /* Build configuration list for PBXNativeTarget "FrankieAmapTests" */;
			buildPhases = (
				EFF50B001AA0037800E3F484 /* Sources */,
				EFF50B011AA0037800E3F484 /* Frameworks */,
				EFF50B021AA0037800E3F484 /* Resources */,
			);
			buildRules = (
			);
			dependencies = (
				EFF50B061AA0037800E3F484 /* PBXTargetDependency */,
			);
			name = FrankieAmapTests;
			productName = FrankieAmapTests;
			productReference = EFF50B041AA0037800E3F484 /* FrankieAmapTests.xctest */;
			productType = "com.apple.product-type.bundle.unit-test";
		};
/* End PBXNativeTarget section */

/* Begin PBXProject section */
		EFF50AE31AA0037800E3F484 /* Project object */ = {
			isa = PBXProject;
			attributes = {
				CLASSPREFIX = Frankie;
				LastUpgradeCheck = 0610;
				ORGANIZATIONNAME = "Frankenstein Yang";
				TargetAttributes = {
					EFF50AEA1AA0037800E3F484 = {
						CreatedOnToolsVersion = 6.1.1;
					};
					EFF50B031AA0037800E3F484 = {
						CreatedOnToolsVersion = 6.1.1;
						TestTargetID = EFF50AEA1AA0037800E3F484;
					};
				};
			};
			buildConfigurationList = EFF50AE61AA0037800E3F484 /* Build configuration list for PBXProject "FrankieAmap" */;
			compatibilityVersion = "Xcode 3.2";
			developmentRegion = English;
			hasScannedForEncodings = 0;
			knownRegions = (
				en,
				Base,
			);
			mainGroup = EFF50AE21AA0037800E3F484;
			productRefGroup = EFF50AEC1AA0037800E3F484 /* Products */;
			projectDirPath = "";
			projectRoot = "";
			targets = (
				EFF50AEA1AA0037800E3F484 /* FrankieAmap */,
				EFF50B031AA0037800E3F484 /* FrankieAmapTests */,
			);
		};
/* End PBXProject section */

/* Begin PBXResourcesBuildPhase section */
		EFF50AE91AA0037800E3F484 /* Resources */ = {
			isa = PBXResourcesBuildPhase;
			buildActionMask = 2147483647;
			files = (
				EFF50AFA1AA0037800E3F484 /* Main.storyboard in Resources */,
				EFF50AFF1AA0037800E3F484 /* LaunchScreen.xib in Resources */,
				EF8FF8E51AA1A2FA00A1204F /* AMap.bundle in Resources */,
				EFF50AFC1AA0037800E3F484 /* Images.xcassets in Resources */,
			);
			runOnlyForDeploymentPostprocessing = 0;
		};
		EFF50B021AA0037800E3F484 /* Resources */ = {
			isa = PBXResourcesBuildPhase;
			buildActionMask = 2147483647;
			files = (
			);
			runOnlyForDeploymentPostprocessing = 0;
		};
/* End PBXResourcesBuildPhase section */

/* Begin PBXSourcesBuildPhase section */
		EFF50AE71AA0037800E3F484 /* Sources */ = {
			isa = PBXSourcesBuildPhase;
			buildActionMask = 2147483647;
			files = (
				EFF50AF71AA0037800E3F484 /* ViewController.m in Sources */,
				EF1A77ED1AA75F4E004613E1 /* FrankieMapHelper.m in Sources */,
				EF1981B31AA4B40700879EFB /* FrankieBaseMapViewController.m in Sources */,
				EF5AFA191AA8B0BE00DE14D6 /* FrankieMapManager.m in Sources */,
				EFF50AF41AA0037800E3F484 /* AppDelegate.m in Sources */,
				EFF68D791AA34D3C003B2991 /* FrankieLocationViewController.m in Sources */,
				EFF50AF11AA0037800E3F484 /* main.m in Sources */,
			);
			runOnlyForDeploymentPostprocessing = 0;
		};
		EFF50B001AA0037800E3F484 /* Sources */ = {
			isa = PBXSourcesBuildPhase;
			buildActionMask = 2147483647;
			files = (
				EFF50B0B1AA0037800E3F484 /* FrankieAmapTests.m in Sources */,
			);
			runOnlyForDeploymentPostprocessing = 0;
		};
/* End PBXSourcesBuildPhase section */

/* Begin PBXTargetDependency section */
		EFF50B061AA0037800E3F484 /* PBXTargetDependency */ = {
			isa = PBXTargetDependency;
			target = EFF50AEA1AA0037800E3F484 /* FrankieAmap */;
			targetProxy = EFF50B051AA0037800E3F484 /* PBXContainerItemProxy */;
		};
/* End PBXTargetDependency section */

/* Begin PBXVariantGroup section */
		EFF50AF81AA0037800E3F484 /* Main.storyboard */ = {
			isa = PBXVariantGroup;
			children = (
				EFF50AF91AA0037800E3F484 /* Base */,
			);
			name = Main.storyboard;
			sourceTree = "<group>";
		};
		EFF50AFD1AA0037800E3F484 /* LaunchScreen.xib */ = {
			isa = PBXVariantGroup;
			children = (
				EFF50AFE1AA0037800E3F484 /* Base */,
			);
			name = LaunchScreen.xib;
			sourceTree = "<group>";
		};
/* End PBXVariantGroup section */

/* Begin XCBuildConfiguration section */
		EFF50B0C1AA0037800E3F484 /* Debug */ = {
			isa = XCBuildConfiguration;
			buildSettings = {
				ALWAYS_SEARCH_USER_PATHS = NO;
				CLANG_CXX_LANGUAGE_STANDARD = "gnu++0x";
				CLANG_CXX_LIBRARY = "libc++";
				CLANG_ENABLE_MODULES = YES;
				CLANG_ENABLE_OBJC_ARC = YES;
				CLANG_WARN_BOOL_CONVERSION = YES;
				CLANG_WARN_CONSTANT_CONVERSION = YES;
				CLANG_WARN_DIRECT_OBJC_ISA_USAGE = YES_ERROR;
				CLANG_WARN_EMPTY_BODY = YES;
				CLANG_WARN_ENUM_CONVERSION = YES;
				CLANG_WARN_INT_CONVERSION = YES;
				CLANG_WARN_OBJC_ROOT_CLASS = YES_ERROR;
				CLANG_WARN_UNREACHABLE_CODE = YES;
				CLANG_WARN__DUPLICATE_METHOD_MATCH = YES;
				"CODE_SIGN_IDENTITY[sdk=iphoneos*]" = "iPhone Developer";
				COPY_PHASE_STRIP = NO;
				ENABLE_STRICT_OBJC_MSGSEND = YES;
				FRAMEWORK_SEARCH_PATHS = "";
				GCC_C_LANGUAGE_STANDARD = gnu99;
				GCC_DYNAMIC_NO_PIC = NO;
				GCC_OPTIMIZATION_LEVEL = 0;
				GCC_PREPROCESSOR_DEFINITIONS = (
					"DEBUG=1",
					"$(inherited)",
				);
				GCC_SYMBOLS_PRIVATE_EXTERN = NO;
				GCC_WARN_64_TO_32_BIT_CONVERSION = YES;
				GCC_WARN_ABOUT_RETURN_TYPE = YES_ERROR;
				GCC_WARN_UNDECLARED_SELECTOR = YES;
				GCC_WARN_UNINITIALIZED_AUTOS = YES_AGGRESSIVE;
				GCC_WARN_UNUSED_FUNCTION = YES;
				GCC_WARN_UNUSED_VARIABLE = YES;
				IPHONEOS_DEPLOYMENT_TARGET = 8.1;
				MTL_ENABLE_DEBUG_INFO = YES;
				ONLY_ACTIVE_ARCH = YES;
				SDKROOT = iphoneos;
			};
			name = Debug;
		};
		EFF50B0D1AA0037800E3F484 /* Release */ = {
			isa = XCBuildConfiguration;
			buildSettings = {
				ALWAYS_SEARCH_USER_PATHS = NO;
				CLANG_CXX_LANGUAGE_STANDARD = "gnu++0x";
				CLANG_CXX_LIBRARY = "libc++";
				CLANG_ENABLE_MODULES = YES;
				CLANG_ENABLE_OBJC_ARC = YES;
				CLANG_WARN_BOOL_CONVERSION = YES;
				CLANG_WARN_CONSTANT_CONVERSION = YES;
				CLANG_WARN_DIRECT_OBJC_ISA_USAGE = YES_ERROR;
				CLANG_WARN_EMPTY_BODY = YES;
				CLANG_WARN_ENUM_CONVERSION = YES;
				CLANG_WARN_INT_CONVERSION = YES;
				CLANG_WARN_OBJC_ROOT_CLASS = YES_ERROR;
				CLANG_WARN_UNREACHABLE_CODE = YES;
				CLANG_WARN__DUPLICATE_METHOD_MATCH = YES;
				"CODE_SIGN_IDENTITY[sdk=iphoneos*]" = "iPhone Developer";
				COPY_PHASE_STRIP = YES;
				ENABLE_NS_ASSERTIONS = NO;
				ENABLE_STRICT_OBJC_MSGSEND = YES;
				FRAMEWORK_SEARCH_PATHS = "";
				GCC_C_LANGUAGE_STANDARD = gnu99;
				GCC_WARN_64_TO_32_BIT_CONVERSION = YES;
				GCC_WARN_ABOUT_RETURN_TYPE = YES_ERROR;
				GCC_WARN_UNDECLARED_SELECTOR = YES;
				GCC_WARN_UNINITIALIZED_AUTOS = YES_AGGRESSIVE;
				GCC_WARN_UNUSED_FUNCTION = YES;
				GCC_WARN_UNUSED_VARIABLE = YES;
				IPHONEOS_DEPLOYMENT_TARGET = 8.1;
				MTL_ENABLE_DEBUG_INFO = NO;
				SDKROOT = iphoneos;
				VALIDATE_PRODUCT = YES;
			};
			name = Release;
		};
		EFF50B0F1AA0037800E3F484 /* Debug */ = {
			isa = XCBuildConfiguration;
			buildSettings = {
				ASSETCATALOG_COMPILER_APPICON_NAME = AppIcon;
				FRAMEWORK_SEARCH_PATHS = "$(PROJECT_DIR)";
				INFOPLIST_FILE = FrankieAmap/Info.plist;
				LD_RUNPATH_SEARCH_PATHS = "$(inherited) @executable_path/Frameworks";
				ONLY_ACTIVE_ARCH = YES;
				OTHER_LDFLAGS = "";
				PRODUCT_NAME = "$(TARGET_NAME)";
				VALID_ARCHS = "armv7 armv7s arm64";
			};
			name = Debug;
		};
		EFF50B101AA0037800E3F484 /* Release */ = {
			isa = XCBuildConfiguration;
			buildSettings = {
				ASSETCATALOG_COMPILER_APPICON_NAME = AppIcon;
				FRAMEWORK_SEARCH_PATHS = "$(PROJECT_DIR)";
				INFOPLIST_FILE = FrankieAmap/Info.plist;
				LD_RUNPATH_SEARCH_PATHS = "$(inherited) @executable_path/Frameworks";
				ONLY_ACTIVE_ARCH = YES;
				OTHER_LDFLAGS = "";
				PRODUCT_NAME = "$(TARGET_NAME)";
				VALID_ARCHS = "armv7 armv7s arm64";
			};
			name = Release;
		};
		EFF50B121AA0037800E3F484 /* Debug */ = {
			isa = XCBuildConfiguration;
			buildSettings = {
				BUNDLE_LOADER = "$(TEST_HOST)";
				FRAMEWORK_SEARCH_PATHS = (
					"$(SDKROOT)/Developer/Library/Frameworks",
					"$(inherited)",
				);
				GCC_PREPROCESSOR_DEFINITIONS = (
					"DEBUG=1",
					"$(inherited)",
				);
				INFOPLIST_FILE = FrankieAmapTests/Info.plist;
				LD_RUNPATH_SEARCH_PATHS = "$(inherited) @executable_path/Frameworks @loader_path/Frameworks";
				PRODUCT_NAME = "$(TARGET_NAME)";
				TEST_HOST = "$(BUILT_PRODUCTS_DIR)/FrankieAmap.app/FrankieAmap";
			};
			name = Debug;
		};
		EFF50B131AA0037800E3F484 /* Release */ = {
			isa = XCBuildConfiguration;
			buildSettings = {
				BUNDLE_LOADER = "$(TEST_HOST)";
				FRAMEWORK_SEARCH_PATHS = (
					"$(SDKROOT)/Developer/Library/Frameworks",
					"$(inherited)",
				);
				INFOPLIST_FILE = FrankieAmapTests/Info.plist;
				LD_RUNPATH_SEARCH_PATHS = "$(inherited) @executable_path/Frameworks @loader_path/Frameworks";
				PRODUCT_NAME = "$(TARGET_NAME)";
				TEST_HOST = "$(BUILT_PRODUCTS_DIR)/FrankieAmap.app/FrankieAmap";
			};
			name = Release;
		};
/* End XCBuildConfiguration section */

/* Begin XCConfigurationList section */
		EFF50AE61AA0037800E3F484 /* Build configuration list for PBXProject "FrankieAmap" */ = {
			isa = XCConfigurationList;
			buildConfigurations = (
				EFF50B0C1AA0037800E3F484 /* Debug */,
				EFF50B0D1AA0037800E3F484 /* Release */,
			);
			defaultConfigurationIsVisible = 0;
			defaultConfigurationName = Release;
		};
		EFF50B0E1AA0037800E3F484 /* Build configuration list for PBXNativeTarget "FrankieAmap" */ = {
			isa = XCConfigurationList;
			buildConfigurations = (
				EFF50B0F1AA0037800E3F484 /* Debug */,
				EFF50B101AA0037800E3F484 /* Release */,
			);
			defaultConfigurationIsVisible = 0;
			defaultConfigurationName = Release;
		};
		EFF50B111AA0037800E3F484 /* Build configuration list for PBXNativeTarget "FrankieAmapTests" */ = {
			isa = XCConfigurationList;
			buildConfigurations = (
				EFF50B121AA0037800E3F484 /* Debug */,
				EFF50B131AA0037800E3F484 /* Release */,
			);
			defaultConfigurationIsVisible = 0;
			defaultConfigurationName = Release;
		};
/* End XCConfigurationList section */
	};
	rootObject = EFF50AE31AA0037800E3F484 /* Project object */;
}
