// !$*UTF8*$!
{
	archiveVersion = 1;
	classes = {
	};
	objectVersion = 46;
	objects = {

/* Begin PBXBuildFile section */
		EF1981B31AA4B40700879EFB /* FrankieBaseMapViewController.m in Sources */ = {isa = PBXBuildFile; fileRef = EF1981B21AA4B40700879EFB /* FrankieBaseMapViewController.m */; };
		EF1A77ED1AA75F4E004613E1 /* FrankieMapHelper.m in Sources */ = {isa = PBXBuildFile; fileRef = EF1A77EC1AA75F4E004613E1 /* FrankieMapHelper.m */; };
		EF5AFA191AA8B0BE00DE14D6 /* FrankieMapManager.m in Sources */ = {isa = PBXBuildFile; fileRef = EF5AFA181AA8B0BE00DE14D6 /* FrankieMapManager.m */; };
		EF6726C61ABAA45100896F14 /* AVFoundation.framework in Frameworks */ = {isa = PBXBuildFile; fileRef = EF6726C51ABAA45100896F14 /* AVFoundation.framework */; };
		EF6726C81ABAA47000896F14 /* CoreData.framework in Frameworks */ = {isa = PBXBuildFile; fileRef = EF6726C71ABAA47000896F14 /* CoreData.framework */; };
		EF6726CA1ABAA47A00896F14 /* CoreText.framework in Frameworks */ = {isa = PBXBuildFile; fileRef = EF6726C91ABAA47A00896F14 /* CoreText.framework */; };
		EF6726CC1ABAA49500896F14 /* GLKit.framework in Frameworks */ = {isa = PBXBuildFile; fileRef = EF6726CB1ABAA49500896F14 /* GLKit.framework */; };
		EF6726CE1ABAA49E00896F14 /* ImageIO.framework in Frameworks */ = {isa = PBXBuildFile; fileRef = EF6726CD1ABAA49E00896F14 /* ImageIO.framework */; };
		EF6726D01ABAA4D100896F14 /* libc++.dylib in Frameworks */ = {isa = PBXBuildFile; fileRef = EF6726CF1ABAA4D100896F14 /* libc++.dylib */; };
		EF6726D21ABAA4ED00896F14 /* libicucore.dylib in Frameworks */ = {isa = PBXBuildFile; fileRef = EF6726D11ABAA4ED00896F14 /* libicucore.dylib */; };
		EF6726D41ABAA59500896F14 /* GoogleMaps.framework in Frameworks */ = {isa = PBXBuildFile; fileRef = EF6726D31ABAA59500896F14 /* GoogleMaps.framework */; };
		EF69AD361AAF4AAD00535676 /* FrankieCenterMapViewController.m in Sources */ = {isa = PBXBuildFile; fileRef = EF69AD351AAF4AAD00535676 /* FrankieCenterMapViewController.m */; };
		EF76D8411AADF9D300524E91 /* FrankieAnnotationViewController.m in Sources */ = {isa = PBXBuildFile; fileRef = EF76D8401AADF9D300524E91 /* FrankieAnnotationViewController.m */; };
		EF81EE661ABFA83200193636 /* GoogleMaps.bundle in Resources */ = {isa = PBXBuildFile; fileRef = EF81EE651ABFA83200193636 /* GoogleMaps.bundle */; };
		EF81EE6C1ABFAC6900193636 /* FrankieAppDelegate.m in Sources */ = {isa = PBXBuildFile; fileRef = EF81EE6B1ABFAC6900193636 /* FrankieAppDelegate.m */; };
		EF86554F1AB86F7A00DE31FA /* AccuracyCircle.png in Resources */ = {isa = PBXBuildFile; fileRef = EF86554E1AB86F7A00DE31FA /* AccuracyCircle.png */; };
		EF8655521AB870AB00DE31FA /* LocatingBtn.png in Resources */ = {isa = PBXBuildFile; fileRef = EF8655501AB870AB00DE31FA /* LocatingBtn.png */; };
		EF8655531AB870AB00DE31FA /* UserLocation.png in Resources */ = {isa = PBXBuildFile; fileRef = EF8655511AB870AB00DE31FA /* UserLocation.png */; };
		EF8FF8E51AA1A2FA00A1204F /* AMap.bundle in Resources */ = {isa = PBXBuildFile; fileRef = EF8FF8E41AA1A2FA00A1204F /* AMap.bundle */; };
		EF8FF8E91AA1A45600A1204F /* MAMapKit.framework in Frameworks */ = {isa = PBXBuildFile; fileRef = EF8FF8E81AA1A45600A1204F /* MAMapKit.framework */; };
		EF8FF8EB1AA1A49B00A1204F /* AMapSearchKit.framework in Frameworks */ = {isa = PBXBuildFile; fileRef = EF8FF8EA1AA1A49B00A1204F /* AMapSearchKit.framework */; };
		EFA1E9F71AC11F3000A7D365 /* FrankieGoogleMapsMainViewController.m in Sources */ = {isa = PBXBuildFile; fileRef = EFA1E9F31AC11F3000A7D365 /* FrankieGoogleMapsMainViewController.m */; };
		EFA1E9F81AC11F3000A7D365 /* FrankieGoogleMapsSamples.m in Sources */ = {isa = PBXBuildFile; fileRef = EFA1E9F51AC11F3000A7D365 /* FrankieGoogleMapsSamples.m */; };
		EFA1E9FC1AC11FA500A7D365 /* FrankieGoogleMapsMyLocationViewController.m in Sources */ = {isa = PBXBuildFile; fileRef = EFA1E9FB1AC11FA500A7D365 /* FrankieGoogleMapsMyLocationViewController.m */; };
		EFA1E9FF1AC120AD00A7D365 /* FrankieGoogleMapsBasicMapViewController.m in Sources */ = {isa = PBXBuildFile; fileRef = EFA1E9FE1AC120AD00A7D365 /* FrankieGoogleMapsBasicMapViewController.m */; };
		EFC6A53A1B04F38C00A21B97 /* FrankieFMDBHelper.m in Sources */ = {isa = PBXBuildFile; fileRef = EFC6A5391B04F38C00A21B97 /* FrankieFMDBHelper.m */; };
		EFDE25A71AB340A40050CCCA /* Frankie3DMapHelper.m in Sources */ = {isa = PBXBuildFile; fileRef = EFDE25A61AB340A40050CCCA /* Frankie3DMapHelper.m */; };
		EFE75F571AA93BC70038ACCB /* FrankieMainViewController.m in Sources */ = {isa = PBXBuildFile; fileRef = EFE75F561AA93BC70038ACCB /* FrankieMainViewController.m */; };
		EFF50AF11AA0037800E3F484 /* main.m in Sources */ = {isa = PBXBuildFile; fileRef = EFF50AF01AA0037800E3F484 /* main.m */; };
		EFF50AFA1AA0037800E3F484 /* Main.storyboard in Resources */ = {isa = PBXBuildFile; fileRef = EFF50AF81AA0037800E3F484 /* Main.storyboard */; };
		EFF50AFC1AA0037800E3F484 /* Images.xcassets in Resources */ = {isa = PBXBuildFile; fileRef = EFF50AFB1AA0037800E3F484 /* Images.xcassets */; };
		EFF50AFF1AA0037800E3F484 /* LaunchScreen.xib in Resources */ = {isa = PBXBuildFile; fileRef = EFF50AFD1AA0037800E3F484 /* LaunchScreen.xib */; };
		EFF50B0B1AA0037800E3F484 /* FrankieAmapTests.m in Sources */ = {isa = PBXBuildFile; fileRef = EFF50B0A1AA0037800E3F484 /* FrankieAmapTests.m */; };
		EFF50B191AA024ED00E3F484 /* Security.framework in Frameworks */ = {isa = PBXBuildFile; fileRef = EFF50B181AA024ED00E3F484 /* Security.framework */; };
		EFF50B1B1AA0255100E3F484 /* QuartzCore.framework in Frameworks */ = {isa = PBXBuildFile; fileRef = EFF50B1A1AA0255100E3F484 /* QuartzCore.framework */; };
		EFF50B1D1AA0256100E3F484 /* OpenGLES.framework in Frameworks */ = {isa = PBXBuildFile; fileRef = EFF50B1C1AA0256100E3F484 /* OpenGLES.framework */; };
		EFF50B1F1AA0257B00E3F484 /* CoreLocation.framework in Frameworks */ = {isa = PBXBuildFile; fileRef = EFF50B1E1AA0257B00E3F484 /* CoreLocation.framework */; };
		EFF50B211AA0258600E3F484 /* CoreTelephony.framework in Frameworks */ = {isa = PBXBuildFile; fileRef = EFF50B201AA0258600E3F484 /* CoreTelephony.framework */; };
		EFF50B231AA025A500E3F484 /* SystemConfiguration.framework in Frameworks */ = {isa = PBXBuildFile; fileRef = EFF50B221AA025A500E3F484 /* SystemConfiguration.framework */; };
		EFF50B271AA03AF600E3F484 /* libstdc++.6.0.9.dylib in Frameworks */ = {isa = PBXBuildFile; fileRef = EFF50B261AA03AF600E3F484 /* libstdc++.6.0.9.dylib */; };
		EFF50B291AA03BCE00E3F484 /* libz.dylib in Frameworks */ = {isa = PBXBuildFile; fileRef = EFF50B281AA03BCE00E3F484 /* libz.dylib */; };
		EFF68D791AA34D3C003B2991 /* FrankieLocationViewController.m in Sources */ = {isa = PBXBuildFile; fileRef = EFF68D781AA34D3C003B2991 /* FrankieLocationViewController.m */; };
/* End PBXBuildFile section */

/* Begin PBXContainerItemProxy section */
		EFF50B051AA0037800E3F484 /* PBXContainerItemProxy */ = {
			isa = PBXContainerItemProxy;
			containerPortal = EFF50AE31AA0037800E3F484 /* Project object */;
			proxyType = 1;
			remoteGlobalIDString = EFF50AEA1AA0037800E3F484;
			remoteInfo = FrankieAmap;
		};
/* End PBXContainerItemProxy section */

/* Begin PBXFileReference section */
		EF1981B11AA4B40700879EFB /* FrankieBaseMapViewController.h */ = {isa = PBXFileReference; fileEncoding = 4; lastKnownFileType = sourcecode.c.h; path = FrankieBaseMapViewController.h; sourceTree = "<group>"; };
		EF1981B21AA4B40700879EFB /* FrankieBaseMapViewController.m */ = {isa = PBXFileReference; fileEncoding = 4; lastKnownFileType = sourcecode.c.objc; path = FrankieBaseMapViewController.m; sourceTree = "<group>"; };
		EF1A77EB1AA75F4E004613E1 /* FrankieMapHelper.h */ = {isa = PBXFileReference; fileEncoding = 4; lastKnownFileType = sourcecode.c.h; path = FrankieMapHelper.h; sourceTree = "<group>"; };
		EF1A77EC1AA75F4E004613E1 /* FrankieMapHelper.m */ = {isa = PBXFileReference; fileEncoding = 4; lastKnownFileType = sourcecode.c.objc; path = FrankieMapHelper.m; sourceTree = "<group>"; };
		EF2200E91AA60779007275F9 /* FrankieAMapAPIKey.h */ = {isa = PBXFileReference; fileEncoding = 4; lastKnownFileType = sourcecode.c.h; path = FrankieAMapAPIKey.h; sourceTree = "<group>"; };
		EF5AFA171AA8B0BE00DE14D6 /* FrankieMapManager.h */ = {isa = PBXFileReference; fileEncoding = 4; lastKnownFileType = sourcecode.c.h; path = FrankieMapManager.h; sourceTree = "<group>"; };
		EF5AFA181AA8B0BE00DE14D6 /* FrankieMapManager.m */ = {isa = PBXFileReference; fileEncoding = 4; lastKnownFileType = sourcecode.c.objc; path = FrankieMapManager.m; sourceTree = "<group>"; };
		EF6726C51ABAA45100896F14 /* AVFoundation.framework */ = {isa = PBXFileReference; lastKnownFileType = wrapper.framework; name = AVFoundation.framework; path = System/Library/Frameworks/AVFoundation.framework; sourceTree = SDKROOT; };
		EF6726C71ABAA47000896F14 /* CoreData.framework */ = {isa = PBXFileReference; lastKnownFileType = wrapper.framework; name = CoreData.framework; path = System/Library/Frameworks/CoreData.framework; sourceTree = SDKROOT; };
		EF6726C91ABAA47A00896F14 /* CoreText.framework */ = {isa = PBXFileReference; lastKnownFileType = wrapper.framework; name = CoreText.framework; path = System/Library/Frameworks/CoreText.framework; sourceTree = SDKROOT; };
		EF6726CB1ABAA49500896F14 /* GLKit.framework */ = {isa = PBXFileReference; lastKnownFileType = wrapper.framework; name = GLKit.framework; path = System/Library/Frameworks/GLKit.framework; sourceTree = SDKROOT; };
		EF6726CD1ABAA49E00896F14 /* ImageIO.framework */ = {isa = PBXFileReference; lastKnownFileType = wrapper.framework; name = ImageIO.framework; path = System/Library/Frameworks/ImageIO.framework; sourceTree = SDKROOT; };
		EF6726CF1ABAA4D100896F14 /* libc++.dylib */ = {isa = PBXFileReference; lastKnownFileType = "compiled.mach-o.dylib"; name = "libc++.dylib"; path = "usr/lib/libc++.dylib"; sourceTree = SDKROOT; };
		EF6726D11ABAA4ED00896F14 /* libicucore.dylib */ = {isa = PBXFileReference; lastKnownFileType = "compiled.mach-o.dylib"; name = libicucore.dylib; path = usr/lib/libicucore.dylib; sourceTree = SDKROOT; };
		EF6726D31ABAA59500896F14 /* GoogleMaps.framework */ = {isa = PBXFileReference; lastKnownFileType = wrapper.framework; path = GoogleMaps.framework; sourceTree = "<group>"; };
		EF69AD341AAF4AAD00535676 /* FrankieCenterMapViewController.h */ = {isa = PBXFileReference; fileEncoding = 4; lastKnownFileType = sourcecode.c.h; path = FrankieCenterMapViewController.h; sourceTree = "<group>"; };
		EF69AD351AAF4AAD00535676 /* FrankieCenterMapViewController.m */ = {isa = PBXFileReference; fileEncoding = 4; lastKnownFileType = sourcecode.c.objc; path = FrankieCenterMapViewController.m; sourceTree = "<group>"; };
		EF76D83F1AADF9D300524E91 /* FrankieAnnotationViewController.h */ = {isa = PBXFileReference; fileEncoding = 4; lastKnownFileType = sourcecode.c.h; path = FrankieAnnotationViewController.h; sourceTree = "<group>"; };
		EF76D8401AADF9D300524E91 /* FrankieAnnotationViewController.m */ = {isa = PBXFileReference; fileEncoding = 4; lastKnownFileType = sourcecode.c.objc; path = FrankieAnnotationViewController.m; sourceTree = "<group>"; };
		EF81EE651ABFA83200193636 /* GoogleMaps.bundle */ = {isa = PBXFileReference; lastKnownFileType = "wrapper.plug-in"; name = GoogleMaps.bundle; path = ../GoogleMaps.bundle; sourceTree = "<group>"; };
		EF81EE6A1ABFAC6900193636 /* FrankieAppDelegate.h */ = {isa = PBXFileReference; fileEncoding = 4; lastKnownFileType = sourcecode.c.h; path = FrankieAppDelegate.h; sourceTree = "<group>"; };
		EF81EE6B1ABFAC6900193636 /* FrankieAppDelegate.m */ = {isa = PBXFileReference; fileEncoding = 4; lastKnownFileType = sourcecode.c.objc; path = FrankieAppDelegate.m; sourceTree = "<group>"; };
		EF86554E1AB86F7A00DE31FA /* AccuracyCircle.png */ = {isa = PBXFileReference; lastKnownFileType = image.png; name = AccuracyCircle.png; path = ../AccuracyCircle.png; sourceTree = "<group>"; };
		EF8655501AB870AB00DE31FA /* LocatingBtn.png */ = {isa = PBXFileReference; lastKnownFileType = image.png; name = LocatingBtn.png; path = ../LocatingBtn.png; sourceTree = "<group>"; };
		EF8655511AB870AB00DE31FA /* UserLocation.png */ = {isa = PBXFileReference; lastKnownFileType = image.png; name = UserLocation.png; path = ../UserLocation.png; sourceTree = "<group>"; };
		EF8FF8E41AA1A2FA00A1204F /* AMap.bundle */ = {isa = PBXFileReference; lastKnownFileType = "wrapper.plug-in"; path = AMap.bundle; sourceTree = "<group>"; };
		EF8FF8E81AA1A45600A1204F /* MAMapKit.framework */ = {isa = PBXFileReference; lastKnownFileType = wrapper.framework; path = MAMapKit.framework; sourceTree = "<group>"; };
		EF8FF8EA1AA1A49B00A1204F /* AMapSearchKit.framework */ = {isa = PBXFileReference; lastKnownFileType = wrapper.framework; path = AMapSearchKit.framework; sourceTree = "<group>"; };
		EFA1E9F11AC11F3000A7D365 /* FrankieGoogleMapsAPIKey.h */ = {isa = PBXFileReference; fileEncoding = 4; lastKnownFileType = sourcecode.c.h; name = FrankieGoogleMapsAPIKey.h; path = "Google Maps/FrankieGoogleMapsAPIKey.h"; sourceTree = "<group>"; };
		EFA1E9F21AC11F3000A7D365 /* FrankieGoogleMapsMainViewController.h */ = {isa = PBXFileReference; fileEncoding = 4; lastKnownFileType = sourcecode.c.h; name = FrankieGoogleMapsMainViewController.h; path = "Google Maps/FrankieGoogleMapsMainViewController.h"; sourceTree = "<group>"; };
		EFA1E9F31AC11F3000A7D365 /* FrankieGoogleMapsMainViewController.m */ = {isa = PBXFileReference; fileEncoding = 4; lastKnownFileType = sourcecode.c.objc; name = FrankieGoogleMapsMainViewController.m; path = "Google Maps/FrankieGoogleMapsMainViewController.m"; sourceTree = "<group>"; };
		EFA1E9F41AC11F3000A7D365 /* FrankieGoogleMapsSamples.h */ = {isa = PBXFileReference; fileEncoding = 4; lastKnownFileType = sourcecode.c.h; name = FrankieGoogleMapsSamples.h; path = "Google Maps/FrankieGoogleMapsSamples.h"; sourceTree = "<group>"; };
		EFA1E9F51AC11F3000A7D365 /* FrankieGoogleMapsSamples.m */ = {isa = PBXFileReference; fileEncoding = 4; lastKnownFileType = sourcecode.c.objc; name = FrankieGoogleMapsSamples.m; path = "Google Maps/FrankieGoogleMapsSamples.m"; sourceTree = "<group>"; };
		EFA1E9F61AC11F3000A7D365 /* Readme.h */ = {isa = PBXFileReference; fileEncoding = 4; lastKnownFileType = sourcecode.c.h; name = Readme.h; path = "Google Maps/Readme.h"; sourceTree = "<group>"; };
		EFA1E9FA1AC11FA500A7D365 /* FrankieGoogleMapsMyLocationViewController.h */ = {isa = PBXFileReference; fileEncoding = 4; lastKnownFileType = sourcecode.c.h; path = FrankieGoogleMapsMyLocationViewController.h; sourceTree = "<group>"; };
		EFA1E9FB1AC11FA500A7D365 /* FrankieGoogleMapsMyLocationViewController.m */ = {isa = PBXFileReference; fileEncoding = 4; lastKnownFileType = sourcecode.c.objc; path = FrankieGoogleMapsMyLocationViewController.m; sourceTree = "<group>"; };
		EFA1E9FD1AC120AD00A7D365 /* FrankieGoogleMapsBasicMapViewController.h */ = {isa = PBXFileReference; fileEncoding = 4; lastKnownFileType = sourcecode.c.h; path = FrankieGoogleMapsBasicMapViewController.h; sourceTree = "<group>"; };
		EFA1E9FE1AC120AD00A7D365 /* FrankieGoogleMapsBasicMapViewController.m */ = {isa = PBXFileReference; fileEncoding = 4; lastKnownFileType = sourcecode.c.objc; path = FrankieGoogleMapsBasicMapViewController.m; sourceTree = "<group>"; };
		EFC6A5381B04F38C00A21B97 /* FrankieFMDBHelper.h */ = {isa = PBXFileReference; fileEncoding = 4; lastKnownFileType = sourcecode.c.h; path = FrankieFMDBHelper.h; sourceTree = "<group>"; };
		EFC6A5391B04F38C00A21B97 /* FrankieFMDBHelper.m */ = {isa = PBXFileReference; fileEncoding = 4; lastKnownFileType = sourcecode.c.objc; path = FrankieFMDBHelper.m; sourceTree = "<group>"; };
		EFDE25A51AB340A40050CCCA /* Frankie3DMapHelper.h */ = {isa = PBXFileReference; fileEncoding = 4; lastKnownFileType = sourcecode.c.h; path = Frankie3DMapHelper.h; sourceTree = "<group>"; };
		EFDE25A61AB340A40050CCCA /* Frankie3DMapHelper.m */ = {isa = PBXFileReference; fileEncoding = 4; lastKnownFileType = sourcecode.c.objc; path = Frankie3DMapHelper.m; sourceTree = "<group>"; };
		EFE75F551AA93BC70038ACCB /* FrankieMainViewController.h */ = {isa = PBXFileReference; fileEncoding = 4; lastKnownFileType = sourcecode.c.h; path = FrankieMainViewController.h; sourceTree = "<group>"; };
		EFE75F561AA93BC70038ACCB /* FrankieMainViewController.m */ = {isa = PBXFileReference; fileEncoding = 4; lastKnownFileType = sourcecode.c.objc; path = FrankieMainViewController.m; sourceTree = "<group>"; };
		EFF50AEB1AA0037800E3F484 /* FrankieAmap.app */ = {isa = PBXFileReference; explicitFileType = wrapper.application; includeInIndex = 0; path = FrankieAmap.app; sourceTree = BUILT_PRODUCTS_DIR; };
		EFF50AEF1AA0037800E3F484 /* Info.plist */ = {isa = PBXFileReference; lastKnownFileType = text.plist.xml; path = Info.plist; sourceTree = "<group>"; };
		EFF50AF01AA0037800E3F484 /* main.m */ = {isa = PBXFileReference; lastKnownFileType = sourcecode.c.objc; path = main.m; sourceTree = "<group>"; };
		EFF50AF91AA0037800E3F484 /* Base */ = {isa = PBXFileReference; lastKnownFileType = file.storyboard; name = Base; path = Base.lproj/Main.storyboard; sourceTree = "<group>"; };
		EFF50AFB1AA0037800E3F484 /* Images.xcassets */ = {isa = PBXFileReference; lastKnownFileType = folder.assetcatalog; path = Images.xcassets; sourceTree = "<group>"; };
		EFF50AFE1AA0037800E3F484 /* Base */ = {isa = PBXFileReference; lastKnownFileType = file.xib; name = Base; path = Base.lproj/LaunchScreen.xib; sourceTree = "<group>"; };
		EFF50B041AA0037800E3F484 /* FrankieAmapTests.xctest */ = {isa = PBXFileReference; explicitFileType = wrapper.cfbundle; includeInIndex = 0; path = FrankieAmapTests.xctest; sourceTree = BUILT_PRODUCTS_DIR; };
		EFF50B091AA0037800E3F484 /* Info.plist */ = {isa = PBXFileReference; lastKnownFileType = text.plist.xml; path = Info.plist; sourceTree = "<group>"; };
		EFF50B0A1AA0037800E3F484 /* FrankieAmapTests.m */ = {isa = PBXFileReference; lastKnownFileType = sourcecode.c.objc; path = FrankieAmapTests.m; sourceTree = "<group>"; };
		EFF50B181AA024ED00E3F484 /* Security.framework */ = {isa = PBXFileReference; lastKnownFileType = wrapper.framework; name = Security.framework; path = System/Library/Frameworks/Security.framework; sourceTree = SDKROOT; };
		EFF50B1A1AA0255100E3F484 /* QuartzCore.framework */ = {isa = PBXFileReference; lastKnownFileType = wrapper.framework; name = QuartzCore.framework; path = System/Library/Frameworks/QuartzCore.framework; sourceTree = SDKROOT; };
		EFF50B1C1AA0256100E3F484 /* OpenGLES.framework */ = {isa = PBXFileReference; lastKnownFileType = wrapper.framework; name = OpenGLES.framework; path = System/Library/Frameworks/OpenGLES.framework; sourceTree = SDKROOT; };
		EFF50B1E1AA0257B00E3F484 /* CoreLocation.framework */ = {isa = PBXFileReference; lastKnownFileType = wrapper.framework; name = CoreLocation.framework; path = System/Library/Frameworks/CoreLocation.framework; sourceTree = SDKROOT; };
		EFF50B201AA0258600E3F484 /* CoreTelephony.framework */ = {isa = PBXFileReference; lastKnownFileType = wrapper.framework; name = CoreTelephony.framework; path = System/Library/Frameworks/CoreTelephony.framework; sourceTree = SDKROOT; };
		EFF50B221AA025A500E3F484 /* SystemConfiguration.framework */ = {isa = PBXFileReference; lastKnownFileType = wrapper.framework; name = SystemConfiguration.framework; path = System/Library/Frameworks/SystemConfiguration.framework; sourceTree = SDKROOT; };
		EFF50B261AA03AF600E3F484 /* libstdc++.6.0.9.dylib */ = {isa = PBXFileReference; lastKnownFileType = "compiled.mach-o.dylib"; name = "libstdc++.6.0.9.dylib"; path = "usr/lib/libstdc++.6.0.9.dylib"; sourceTree = SDKROOT; };
		EFF50B281AA03BCE00E3F484 /* libz.dylib */ = {isa = PBXFileReference; lastKnownFileType = "compiled.mach-o.dylib"; name = libz.dylib; path = usr/lib/libz.dylib; sourceTree = SDKROOT; };
		EFF68D771AA34D3C003B2991 /* FrankieLocationViewController.h */ = {isa = PBXFileReference; fileEncoding = 4; lastKnownFileType = sourcecode.c.h; path = FrankieLocationViewController.h; sourceTree = "<group>"; };
		EFF68D781AA34D3C003B2991 /* FrankieLocationViewController.m */ = {isa = PBXFileReference; fileEncoding = 4; lastKnownFileType = sourcecode.c.objc; path = FrankieLocationViewController.m; sourceTree = "<group>"; };
/* End PBXFileReference section */

/* Begin PBXFrameworksBuildPhase section */
		EFF50AE81AA0037800E3F484 /* Frameworks */ = {
			isa = PBXFrameworksBuildPhase;
			buildActionMask = 2147483647;
			files = (
				EF6726D21ABAA4ED00896F14 /* libicucore.dylib in Frameworks */,
				EF6726D01ABAA4D100896F14 /* libc++.dylib in Frameworks */,
				EF6726CE1ABAA49E00896F14 /* ImageIO.framework in Frameworks */,
				EF6726CC1ABAA49500896F14 /* GLKit.framework in Frameworks */,
				EF6726CA1ABAA47A00896F14 /* CoreText.framework in Frameworks */,
				EF6726C81ABAA47000896F14 /* CoreData.framework in Frameworks */,
				EF6726D41ABAA59500896F14 /* GoogleMaps.framework in Frameworks */,
				EF6726C61ABAA45100896F14 /* AVFoundation.framework in Frameworks */,
				EF8FF8EB1AA1A49B00A1204F /* AMapSearchKit.framework in Frameworks */,
				EF8FF8E91AA1A45600A1204F /* MAMapKit.framework in Frameworks */,
				EFF50B291AA03BCE00E3F484 /* libz.dylib in Frameworks */,
				EFF50B271AA03AF600E3F484 /* libstdc++.6.0.9.dylib in Frameworks */,
				EFF50B231AA025A500E3F484 /* SystemConfiguration.framework in Frameworks */,
				EFF50B211AA0258600E3F484 /* CoreTelephony.framework in Frameworks */,
				EFF50B1F1AA0257B00E3F484 /* CoreLocation.framework in Frameworks */,
				EFF50B1D1AA0256100E3F484 /* OpenGLES.framework in Frameworks */,
				EFF50B1B1AA0255100E3F484 /* QuartzCore.framework in Frameworks */,
				EFF50B191AA024ED00E3F484 /* Security.framework in Frameworks */,
			);
			runOnlyForDeploymentPostprocessing = 0;
		};
		EFF50B011AA0037800E3F484 /* Frameworks */ = {
			isa = PBXFrameworksBuildPhase;
			buildActionMask = 2147483647;
			files = (
			);
			runOnlyForDeploymentPostprocessing = 0;
		};
/* End PBXFrameworksBuildPhase section */

/* Begin PBXGroup section */
		EF1A77EA1AA75F0F004613E1 /* MapCommon */ = {
			isa = PBXGroup;
			children = (
				EF1A77EB1AA75F4E004613E1 /* FrankieMapHelper.h */,
				EF1A77EC1AA75F4E004613E1 /* FrankieMapHelper.m */,
				EF5AFA171AA8B0BE00DE14D6 /* FrankieMapManager.h */,
				EF5AFA181AA8B0BE00DE14D6 /* FrankieMapManager.m */,
			);
			name = MapCommon;
			sourceTree = "<group>";
		};
		EF2200E81AA60724007275F9 /* Configuration */ = {
			isa = PBXGroup;
			children = (
				EF2200E91AA60779007275F9 /* FrankieAMapAPIKey.h */,
			);
			path = Configuration;
			sourceTree = "<group>";
		};
		EF9BC8491ACC496400009A5D /* Third party libraries */ = {
			isa = PBXGroup;
			children = (
				EFF50B281AA03BCE00E3F484 /* libz.dylib */,
				EFF50B261AA03AF600E3F484 /* libstdc++.6.0.9.dylib */,
				EF8FF8EA1AA1A49B00A1204F /* AMapSearchKit.framework */,
				EF8FF8E81AA1A45600A1204F /* MAMapKit.framework */,
				EFF50B221AA025A500E3F484 /* SystemConfiguration.framework */,
				EFF50B201AA0258600E3F484 /* CoreTelephony.framework */,
				EFF50B1E1AA0257B00E3F484 /* CoreLocation.framework */,
				EFF50B1C1AA0256100E3F484 /* OpenGLES.framework */,
				EFF50B1A1AA0255100E3F484 /* QuartzCore.framework */,
				EFF50B181AA024ED00E3F484 /* Security.framework */,
				EF6726D31ABAA59500896F14 /* GoogleMaps.framework */,
				EF6726D11ABAA4ED00896F14 /* libicucore.dylib */,
				EF6726CF1ABAA4D100896F14 /* libc++.dylib */,
				EF6726CD1ABAA49E00896F14 /* ImageIO.framework */,
				EF6726CB1ABAA49500896F14 /* GLKit.framework */,
				EF6726C91ABAA47A00896F14 /* CoreText.framework */,
				EF6726C71ABAA47000896F14 /* CoreData.framework */,
				EF6726C51ABAA45100896F14 /* AVFoundation.framework */,
				EF8FF8E41AA1A2FA00A1204F /* AMap.bundle */,
			);
			name = "Third party libraries";
			sourceTree = "<group>";
		};
		EFA1E9F91AC11F6400A7D365 /* Controllers */ = {
			isa = PBXGroup;
			children = (
				EFA1E9FA1AC11FA500A7D365 /* FrankieGoogleMapsMyLocationViewController.h */,
				EFA1E9FB1AC11FA500A7D365 /* FrankieGoogleMapsMyLocationViewController.m */,
				EFA1E9FD1AC120AD00A7D365 /* FrankieGoogleMapsBasicMapViewController.h */,
				EFA1E9FE1AC120AD00A7D365 /* FrankieGoogleMapsBasicMapViewController.m */,
			);
			name = Controllers;
			path = "Google Maps/Controllers";
			sourceTree = "<group>";
		};
		EFBCE3951AB9D7D000B40DC2 /* Google Maps */ = {
			isa = PBXGroup;
			children = (
				EFA1E9F91AC11F6400A7D365 /* Controllers */,
				EFA1E9F11AC11F3000A7D365 /* FrankieGoogleMapsAPIKey.h */,
				EFA1E9F21AC11F3000A7D365 /* FrankieGoogleMapsMainViewController.h */,
				EFA1E9F31AC11F3000A7D365 /* FrankieGoogleMapsMainViewController.m */,
				EFA1E9F41AC11F3000A7D365 /* FrankieGoogleMapsSamples.h */,
				EFA1E9F51AC11F3000A7D365 /* FrankieGoogleMapsSamples.m */,
				EFA1E9F61AC11F3000A7D365 /* Readme.h */,
			);
			name = "Google Maps";
			sourceTree = "<group>";
		};
		EFC6A5371B04F35200A21B97 /* DatabaseHelper */ = {
			isa = PBXGroup;
			children = (
				EFC6A5381B04F38C00A21B97 /* FrankieFMDBHelper.h */,
				EFC6A5391B04F38C00A21B97 /* FrankieFMDBHelper.m */,
			);
			name = DatabaseHelper;
			sourceTree = "<group>";
		};
		EFDE25A41AB3406B0050CCCA /* 3DMap */ = {
			isa = PBXGroup;
			children = (
				EFDE25A51AB340A40050CCCA /* Frankie3DMapHelper.h */,
				EFDE25A61AB340A40050CCCA /* Frankie3DMapHelper.m */,
			);
			name = 3DMap;
			sourceTree = "<group>";
		};
		EFF50AE21AA0037800E3F484 = {
			isa = PBXGroup;
			children = (
				EF9BC8491ACC496400009A5D /* Third party libraries */,
				EFF50AED1AA0037800E3F484 /* FrankieAmap */,
				EFF50B071AA0037800E3F484 /* FrankieAmapTests */,
				EFF50AEC1AA0037800E3F484 /* Products */,
			);
			sourceTree = "<group>";
		};
		EFF50AEC1AA0037800E3F484 /* Products */ = {
			isa = PBXGroup;
			children = (
				EFF50AEB1AA0037800E3F484 /* FrankieAmap.app */,
				EFF50B041AA0037800E3F484 /* FrankieAmapTests.xctest */,
			);
			name = Products;
			sourceTree = "<group>";
		};
		EFF50AED1AA0037800E3F484 /* FrankieAmap */ = {
			isa = PBXGroup;
			children = (
				EFF50AEE1AA0037800E3F484 /* Supporting Files */,
				EFF50B2A1AA03E0C00E3F484 /* Resources */,
				EFF50B141AA01FA000E3F484 /* Classes */,
				EF81EE6A1ABFAC6900193636 /* FrankieAppDelegate.h */,
				EF81EE6B1ABFAC6900193636 /* FrankieAppDelegate.m */,
			);
			path = FrankieAmap;
			sourceTree = "<group>";
		};
		EFF50AEE1AA0037800E3F484 /* Supporting Files */ = {
			isa = PBXGroup;
			children = (
				EFF50AFB1AA0037800E3F484 /* Images.xcassets */,
				EFF50AF81AA0037800E3F484 /* Main.storyboard */,
				EFF50AFD1AA0037800E3F484 /* LaunchScreen.xib */,
				EFF50AEF1AA0037800E3F484 /* Info.plist */,
				EFF50AF01AA0037800E3F484 /* main.m */,
			);
			name = "Supporting Files";
			sourceTree = "<group>";
		};
		EFF50B071AA0037800E3F484 /* FrankieAmapTests */ = {
			isa = PBXGroup;
			children = (
				EFF50B0A1AA0037800E3F484 /* FrankieAmapTests.m */,
				EFF50B081AA0037800E3F484 /* Supporting Files */,
			);
			path = FrankieAmapTests;
			sourceTree = "<group>";
		};
		EFF50B081AA0037800E3F484 /* Supporting Files */ = {
			isa = PBXGroup;
			children = (
				EFF50B091AA0037800E3F484 /* Info.plist */,
			);
			name = "Supporting Files";
			sourceTree = "<group>";
		};
		EFF50B141AA01FA000E3F484 /* Classes */ = {
			isa = PBXGroup;
			children = (
				EFC6A5371B04F35200A21B97 /* DatabaseHelper */,
				EFBCE3951AB9D7D000B40DC2 /* Google Maps */,
				EFDE25A41AB3406B0050CCCA /* 3DMap */,
				EF1A77EA1AA75F0F004613E1 /* MapCommon */,
				EF2200E81AA60724007275F9 /* Configuration */,
				EFF68D771AA34D3C003B2991 /* FrankieLocationViewController.h */,
				EFF68D781AA34D3C003B2991 /* FrankieLocationViewController.m */,
				EF1981B11AA4B40700879EFB /* FrankieBaseMapViewController.h */,
				EF1981B21AA4B40700879EFB /* FrankieBaseMapViewController.m */,
				EFE75F551AA93BC70038ACCB /* FrankieMainViewController.h */,
				EFE75F561AA93BC70038ACCB /* FrankieMainViewController.m */,
				EF76D83F1AADF9D300524E91 /* FrankieAnnotationViewController.h */,
				EF76D8401AADF9D300524E91 /* FrankieAnnotationViewController.m */,
				EF69AD351AAF4AAD00535676 /* FrankieCenterMapViewController.m */,
				EF69AD341AAF4AAD00535676 /* FrankieCenterMapViewController.h */,
			);
			path = Classes;
			sourceTree = "<group>";
		};
		EFF50B2A1AA03E0C00E3F484 /* Resources */ = {
			isa = PBXGroup;
			children = (
				EF81EE651ABFA83200193636 /* GoogleMaps.bundle */,
				EF86554E1AB86F7A00DE31FA /* AccuracyCircle.png */,
				EF8655501AB870AB00DE31FA /* LocatingBtn.png */,
				EF8655511AB870AB00DE31FA /* UserLocation.png */,
			);
			path = Resources;
			sourceTree = "<group>";
		};
/* End PBXGroup section */

/* Begin PBXNativeTarget section */
		EFF50AEA1AA0037800E3F484 /* FrankieAmap */ = {
			isa = PBXNativeTarget;
			buildConfigurationList = EFF50B0E1AA0037800E3F484 /* Build configuration list for PBXNativeTarget "FrankieAmap" */;
			buildPhases = (
				EFF50AE71AA0037800E3F484 /* Sources */,
				EFF50AE81AA0037800E3F484 /* Frameworks */,
				EFF50AE91AA0037800E3F484 /* Resources */,
			);
			buildRules = (
			);
			dependencies = (
			);
			name = FrankieAmap;
			productName = FrankieAmap;
			productReference = EFF50AEB1AA0037800E3F484 /* FrankieAmap.app */;
			productType = "com.apple.product-type.application";
		};
		EFF50B031AA0037800E3F484 /* FrankieAmapTests */ = {
			isa = PBXNativeTarget;
			buildConfigurationList = EFF50B111AA0037800E3F484 /* Build configuration list for PBXNativeTarget "FrankieAmapTests" */;
			buildPhases = (
				EFF50B001AA0037800E3F484 /* Sources */,
				EFF50B011AA0037800E3F484 /* Frameworks */,
				EFF50B021AA0037800E3F484 /* Resources */,
			);
			buildRules = (
			);
			dependencies = (
				EFF50B061AA0037800E3F484 /* PBXTargetDependency */,
			);
			name = FrankieAmapTests;
			productName = FrankieAmapTests;
			productReference = EFF50B041AA0037800E3F484 /* FrankieAmapTests.xctest */;
			productType = "com.apple.product-type.bundle.unit-test";
		};
/* End PBXNativeTarget section */

/* Begin PBXProject section */
		EFF50AE31AA0037800E3F484 /* Project object */ = {
			isa = PBXProject;
			attributes = {
				CLASSPREFIX = Frankie;
				LastUpgradeCheck = 0610;
				ORGANIZATIONNAME = "Frankenstein Yang";
				TargetAttributes = {
					EFF50AEA1AA0037800E3F484 = {
						CreatedOnToolsVersion = 6.1.1;
						SystemCapabilities = {
							com.apple.BackgroundModes = {
								enabled = 1;
							};
						};
					};
					EFF50B031AA0037800E3F484 = {
						CreatedOnToolsVersion = 6.1.1;
						TestTargetID = EFF50AEA1AA0037800E3F484;
					};
				};
			};
			buildConfigurationList = EFF50AE61AA0037800E3F484 /* Build configuration list for PBXProject "FrankieAmap" */;
			compatibilityVersion = "Xcode 3.2";
			developmentRegion = English;
			hasScannedForEncodings = 0;
			knownRegions = (
				en,
				Base,
			);
			mainGroup = EFF50AE21AA0037800E3F484;
			productRefGroup = EFF50AEC1AA0037800E3F484 /* Products */;
			projectDirPath = "";
			projectRoot = "";
			targets = (
				EFF50AEA1AA0037800E3F484 /* FrankieAmap */,
				EFF50B031AA0037800E3F484 /* FrankieAmapTests */,
			);
		};
/* End PBXProject section */

/* Begin PBXResourcesBuildPhase section */
		EFF50AE91AA0037800E3F484 /* Resources */ = {
			isa = PBXResourcesBuildPhase;
			buildActionMask = 2147483647;
			files = (
				EFF50AFA1AA0037800E3F484 /* Main.storyboard in Resources */,
				EFF50AFF1AA0037800E3F484 /* LaunchScreen.xib in Resources */,
				EF8655531AB870AB00DE31FA /* UserLocation.png in Resources */,
				EF86554F1AB86F7A00DE31FA /* AccuracyCircle.png in Resources */,
				EF8FF8E51AA1A2FA00A1204F /* AMap.bundle in Resources */,
				EFF50AFC1AA0037800E3F484 /* Images.xcassets in Resources */,
				EF8655521AB870AB00DE31FA /* LocatingBtn.png in Resources */,
				EF81EE661ABFA83200193636 /* GoogleMaps.bundle in Resources */,
			);
			runOnlyForDeploymentPostprocessing = 0;
		};
		EFF50B021AA0037800E3F484 /* Resources */ = {
			isa = PBXResourcesBuildPhase;
			buildActionMask = 2147483647;
			files = (
			);
			runOnlyForDeploymentPostprocessing = 0;
		};
/* End PBXResourcesBuildPhase section */

/* Begin PBXSourcesBuildPhase section */
		EFF50AE71AA0037800E3F484 /* Sources */ = {
			isa = PBXSourcesBuildPhase;
			buildActionMask = 2147483647;
			files = (
				EFA1E9F81AC11F3000A7D365 /* FrankieGoogleMapsSamples.m in Sources */,
				EFA1E9FF1AC120AD00A7D365 /* FrankieGoogleMapsBasicMapViewController.m in Sources */,
				EF1A77ED1AA75F4E004613E1 /* FrankieMapHelper.m in Sources */,
				EFA1E9F71AC11F3000A7D365 /* FrankieGoogleMapsMainViewController.m in Sources */,
				EFE75F571AA93BC70038ACCB /* FrankieMainViewController.m in Sources */,
				EF81EE6C1ABFAC6900193636 /* FrankieAppDelegate.m in Sources */,
				EF76D8411AADF9D300524E91 /* FrankieAnnotationViewController.m in Sources */,
				EF1981B31AA4B40700879EFB /* FrankieBaseMapViewController.m in Sources */,
				EF5AFA191AA8B0BE00DE14D6 /* FrankieMapManager.m in Sources */,
				EF69AD361AAF4AAD00535676 /* FrankieCenterMapViewController.m in Sources */,
				EFDE25A71AB340A40050CCCA /* Frankie3DMapHelper.m in Sources */,
				EFC6A53A1B04F38C00A21B97 /* FrankieFMDBHelper.m in Sources */,
				EFF68D791AA34D3C003B2991 /* FrankieLocationViewController.m in Sources */,
				EFF50AF11AA0037800E3F484 /* main.m in Sources */,
				EFA1E9FC1AC11FA500A7D365 /* FrankieGoogleMapsMyLocationViewController.m in Sources */,
			);
			runOnlyForDeploymentPostprocessing = 0;
		};
		EFF50B001AA0037800E3F484 /* Sources */ = {
			isa = PBXSourcesBuildPhase;
			buildActionMask = 2147483647;
			files = (
				EFF50B0B1AA0037800E3F484 /* FrankieAmapTests.m in Sources */,
			);
			runOnlyForDeploymentPostprocessing = 0;
		};
/* End PBXSourcesBuildPhase section */

/* Begin PBXTargetDependency section */
		EFF50B061AA0037800E3F484 /* PBXTargetDependency */ = {
			isa = PBXTargetDependency;
			target = EFF50AEA1AA0037800E3F484 /* FrankieAmap */;
			targetProxy = EFF50B051AA0037800E3F484 /* PBXContainerItemProxy */;
		};
/* End PBXTargetDependency section */

/* Begin PBXVariantGroup section */
		EFF50AF81AA0037800E3F484 /* Main.storyboard */ = {
			isa = PBXVariantGroup;
			children = (
				EFF50AF91AA0037800E3F484 /* Base */,
			);
			name = Main.storyboard;
			sourceTree = "<group>";
		};
		EFF50AFD1AA0037800E3F484 /* LaunchScreen.xib */ = {
			isa = PBXVariantGroup;
			children = (
				EFF50AFE1AA0037800E3F484 /* Base */,
			);
			name = LaunchScreen.xib;
			sourceTree = "<group>";
		};
/* End PBXVariantGroup section */

/* Begin XCBuildConfiguration section */
		EFF50B0C1AA0037800E3F484 /* Debug */ = {
			isa = XCBuildConfiguration;
			buildSettings = {
				ALWAYS_SEARCH_USER_PATHS = NO;
				CLANG_CXX_LANGUAGE_STANDARD = "gnu++0x";
				CLANG_CXX_LIBRARY = "libc++";
				CLANG_ENABLE_MODULES = YES;
				CLANG_ENABLE_OBJC_ARC = YES;
				CLANG_WARN_BOOL_CONVERSION = YES;
				CLANG_WARN_CONSTANT_CONVERSION = YES;
				CLANG_WARN_DIRECT_OBJC_ISA_USAGE = YES_ERROR;
				CLANG_WARN_EMPTY_BODY = YES;
				CLANG_WARN_ENUM_CONVERSION = YES;
				CLANG_WARN_INT_CONVERSION = YES;
				CLANG_WARN_OBJC_ROOT_CLASS = YES_ERROR;
				CLANG_WARN_UNREACHABLE_CODE = YES;
				CLANG_WARN__DUPLICATE_METHOD_MATCH = YES;
				"CODE_SIGN_IDENTITY[sdk=iphoneos*]" = "iPhone Developer";
				COPY_PHASE_STRIP = NO;
				ENABLE_STRICT_OBJC_MSGSEND = YES;
				FRAMEWORK_SEARCH_PATHS = "";
				GCC_C_LANGUAGE_STANDARD = gnu99;
				GCC_DYNAMIC_NO_PIC = NO;
				GCC_OPTIMIZATION_LEVEL = 0;
				GCC_PREPROCESSOR_DEFINITIONS = (
					"DEBUG=1",
					"$(inherited)",
				);
				GCC_SYMBOLS_PRIVATE_EXTERN = NO;
				GCC_WARN_64_TO_32_BIT_CONVERSION = YES;
				GCC_WARN_ABOUT_RETURN_TYPE = YES_ERROR;
				GCC_WARN_UNDECLARED_SELECTOR = YES;
				GCC_WARN_UNINITIALIZED_AUTOS = YES_AGGRESSIVE;
				GCC_WARN_UNUSED_FUNCTION = YES;
				GCC_WARN_UNUSED_VARIABLE = YES;
				IPHONEOS_DEPLOYMENT_TARGET = 8.1;
				MTL_ENABLE_DEBUG_INFO = YES;
				ONLY_ACTIVE_ARCH = YES;
				SDKROOT = iphoneos;
			};
			name = Debug;
		};
		EFF50B0D1AA0037800E3F484 /* Release */ = {
			isa = XCBuildConfiguration;
			buildSettings = {
				ALWAYS_SEARCH_USER_PATHS = NO;
				CLANG_CXX_LANGUAGE_STANDARD = "gnu++0x";
				CLANG_CXX_LIBRARY = "libc++";
				CLANG_ENABLE_MODULES = YES;
				CLANG_ENABLE_OBJC_ARC = YES;
				CLANG_WARN_BOOL_CONVERSION = YES;
				CLANG_WARN_CONSTANT_CONVERSION = YES;
				CLANG_WARN_DIRECT_OBJC_ISA_USAGE = YES_ERROR;
				CLANG_WARN_EMPTY_BODY = YES;
				CLANG_WARN_ENUM_CONVERSION = YES;
				CLANG_WARN_INT_CONVERSION = YES;
				CLANG_WARN_OBJC_ROOT_CLASS = YES_ERROR;
				CLANG_WARN_UNREACHABLE_CODE = YES;
				CLANG_WARN__DUPLICATE_METHOD_MATCH = YES;
				"CODE_SIGN_IDENTITY[sdk=iphoneos*]" = "iPhone Developer";
				COPY_PHASE_STRIP = YES;
				ENABLE_NS_ASSERTIONS = NO;
				ENABLE_STRICT_OBJC_MSGSEND = YES;
				FRAMEWORK_SEARCH_PATHS = "";
				GCC_C_LANGUAGE_STANDARD = gnu99;
				GCC_WARN_64_TO_32_BIT_CONVERSION = YES;
				GCC_WARN_ABOUT_RETURN_TYPE = YES_ERROR;
				GCC_WARN_UNDECLARED_SELECTOR = YES;
				GCC_WARN_UNINITIALIZED_AUTOS = YES_AGGRESSIVE;
				GCC_WARN_UNUSED_FUNCTION = YES;
				GCC_WARN_UNUSED_VARIABLE = YES;
				IPHONEOS_DEPLOYMENT_TARGET = 8.1;
				MTL_ENABLE_DEBUG_INFO = NO;
				SDKROOT = iphoneos;
				VALIDATE_PRODUCT = YES;
			};
			name = Release;
		};
		EFF50B0F1AA0037800E3F484 /* Debug */ = {
			isa = XCBuildConfiguration;
			buildSettings = {
				ASSETCATALOG_COMPILER_APPICON_NAME = AppIcon;
				FRAMEWORK_SEARCH_PATHS = "$(PROJECT_DIR)";
				INFOPLIST_FILE = FrankieAmap/Info.plist;
				LD_RUNPATH_SEARCH_PATHS = "$(inherited) @executable_path/Frameworks";
				ONLY_ACTIVE_ARCH = YES;
				OTHER_LDFLAGS = "-ObjC";
				PRODUCT_NAME = "$(TARGET_NAME)";
				VALID_ARCHS = "armv7 armv7s arm64";
			};
			name = Debug;
		};
		EFF50B101AA0037800E3F484 /* Release */ = {
			isa = XCBuildConfiguration;
			buildSettings = {
				ASSETCATALOG_COMPILER_APPICON_NAME = AppIcon;
				FRAMEWORK_SEARCH_PATHS = "$(PROJECT_DIR)";
				INFOPLIST_FILE = FrankieAmap/Info.plist;
				LD_RUNPATH_SEARCH_PATHS = "$(inherited) @executable_path/Frameworks";
				ONLY_ACTIVE_ARCH = YES;
				OTHER_LDFLAGS = "-ObjC";
				PRODUCT_NAME = "$(TARGET_NAME)";
				VALID_ARCHS = "armv7 armv7s arm64";
			};
			name = Release;
		};
		EFF50B121AA0037800E3F484 /* Debug */ = {
			isa = XCBuildConfiguration;
			buildSettings = {
				BUNDLE_LOADER = "$(TEST_HOST)";
				FRAMEWORK_SEARCH_PATHS = (
					"$(SDKROOT)/Developer/Library/Frameworks",
					"$(inherited)",
				);
				GCC_PREPROCESSOR_DEFINITIONS = (
					"DEBUG=1",
					"$(inherited)",
				);
				INFOPLIST_FILE = FrankieAmapTests/Info.plist;
				LD_RUNPATH_SEARCH_PATHS = "$(inherited) @executable_path/Frameworks @loader_path/Frameworks";
				PRODUCT_NAME = "$(TARGET_NAME)";
				TEST_HOST = "$(BUILT_PRODUCTS_DIR)/FrankieAmap.app/FrankieAmap";
			};
			name = Debug;
		};
		EFF50B131AA0037800E3F484 /* Release */ = {
			isa = XCBuildConfiguration;
			buildSettings = {
				BUNDLE_LOADER = "$(TEST_HOST)";
				FRAMEWORK_SEARCH_PATHS = (
					"$(SDKROOT)/Developer/Library/Frameworks",
					"$(inherited)",
				);
				INFOPLIST_FILE = FrankieAmapTests/Info.plist;
				LD_RUNPATH_SEARCH_PATHS = "$(inherited) @executable_path/Frameworks @loader_path/Frameworks";
				PRODUCT_NAME = "$(TARGET_NAME)";
				TEST_HOST = "$(BUILT_PRODUCTS_DIR)/FrankieAmap.app/FrankieAmap";
			};
			name = Release;
		};
/* End XCBuildConfiguration section */

/* Begin XCConfigurationList section */
		EFF50AE61AA0037800E3F484 /* Build configuration list for PBXProject "FrankieAmap" */ = {
			isa = XCConfigurationList;
			buildConfigurations = (
				EFF50B0C1AA0037800E3F484 /* Debug */,
				EFF50B0D1AA0037800E3F484 /* Release */,
			);
			defaultConfigurationIsVisible = 0;
			defaultConfigurationName = Release;
		};
		EFF50B0E1AA0037800E3F484 /* Build configuration list for PBXNativeTarget "FrankieAmap" */ = {
			isa = XCConfigurationList;
			buildConfigurations = (
				EFF50B0F1AA0037800E3F484 /* Debug */,
				EFF50B101AA0037800E3F484 /* Release */,
			);
			defaultConfigurationIsVisible = 0;
			defaultConfigurationName = Release;
		};
		EFF50B111AA0037800E3F484 /* Build configuration list for PBXNativeTarget "FrankieAmapTests" */ = {
			isa = XCConfigurationList;
			buildConfigurations = (
				EFF50B121AA0037800E3F484 /* Debug */,
				EFF50B131AA0037800E3F484 /* Release */,
			);
			defaultConfigurationIsVisible = 0;
			defaultConfigurationName = Release;
		};
/* End XCConfigurationList section */
	};
	rootObject = EFF50AE31AA0037800E3F484 /* Project object */;
}
